{
    "_meta": {
        "hash": {
            "sha256": "57f00dd6801faca16c0cf6b88b120b8385056d23d72cea04a53eb0f0a1907a7d"
        },
        "pipfile-spec": 6,
        "requires": {
            "python_version": "3.9"
        },
        "sources": [
            {
                "name": "pypi",
                "url": "https://pypi.org/simple",
                "verify_ssl": true
            }
        ]
    },
    "default": {
        "antlr4-python3-runtime": {
            "hashes": [
                "sha256:f224469b4168294902bb1efa80a8bf7855f24c99aef99cbefc1bcd3cce77881b"
            ],
            "index": "pypi",
            "version": "==4.9.3"
        }
    },
    "develop": {}
}
